
Microsoft Visual Studio Solution File, Format Version 12.00
# Visual Studio Version 17
VisualStudioVersion = 17.3.32929.385
MinimumVisualStudioVersion = 10.0.40219.1
Project("{8BC9CEB8-8B4A-11D0-8D11-00A0C91BC942}") = "Softver za tehnički pregled i registraciju vozila", "Softver za tehnički pregled i registraciju vozila.vcxproj", "{65090CA8-B18D-4954-857D-C7F54C0C4946}"
EndProject
Global
	GlobalSection(SolutionConfigurationPlatforms) = preSolution
		Debug|x64 = Debug|x64
		Debug|x86 = Debug|x86
		Release|x64 = Release|x64
		Release|x86 = Release|x86
	EndGlobalSection
	GlobalSection(ProjectConfigurationPlatforms) = postSolution
		{65090CA8-B18D-4954-857D-C7F54C0C4946}.Debug|x64.ActiveCfg = Debug|x64
		{65090CA8-B18D-4954-857D-C7F54C0C4946}.Debug|x64.Build.0 = Debug|x64
		{65090CA8-B18D-4954-857D-C7F54C0C4946}.Debug|x86.ActiveCfg = Debug|Win32
		{65090CA8-B18D-4954-857D-C7F54C0C4946}.Debug|x86.Build.0 = Debug|Win32
		{65090CA8-B18D-4954-857D-C7F54C0C4946}.Release|x64.ActiveCfg = Release|x64
		{65090CA8-B18D-4954-857D-C7F54C0C4946}.Release|x64.Build.0 = Release|x64
		{65090CA8-B18D-4954-857D-C7F54C0C4946}.Release|x86.ActiveCfg = Release|Win32
		{65090CA8-B18D-4954-857D-C7F54C0C4946}.Release|x86.Build.0 = Release|Win32
	EndGlobalSection
	GlobalSection(SolutionProperties) = preSolution
		HideSolutionNode = FALSE
	EndGlobalSection
	GlobalSection(ExtensibilityGlobals) = postSolution
		SolutionGuid = {3819F8D4-3AFF-4478-B12F-410932E69EB2}
	EndGlobalSection
EndGlobal
